
Microsoft Visual Studio Solution File, Format Version 12.00
# Visual Studio 15
VisualStudioVersion = 15.0.28010.2026
MinimumVisualStudioVersion = 10.0.40219.1
Project("{FAE04EC0-301F-11D3-BF4B-00C04F79EFBC}") = "GUISudokuPuzzleSolver", "GUISudokuPuzzleSolver\GUISudokuPuzzleSolver.csproj", "{4472075F-31EB-46C2-BD42-FCF58F6F3B11}"
EndProject
Project("{FAE04EC0-301F-11D3-BF4B-00C04F79EFBC}") = "GUISudokuPuzzleSolverTests", "GUISudokuPuzzleSolverTests\GUISudokuPuzzleSolverTests.csproj", "{8E753121-AC74-4EAC-B8C1-4BAA4832444C}"
EndProject
Global
	GlobalSection(SolutionConfigurationPlatforms) = preSolution
		Debug|Any CPU = Debug|Any CPU
		Release|Any CPU = Release|Any CPU
	EndGlobalSection
	GlobalSection(ProjectConfigurationPlatforms) = postSolution
		{4472075F-31EB-46C2-BD42-FCF58F6F3B11}.Debug|Any CPU.ActiveCfg = Debug|Any CPU
		{4472075F-31EB-46C2-BD42-FCF58F6F3B11}.Debug|Any CPU.Build.0 = Debug|Any CPU
		{4472075F-31EB-46C2-BD42-FCF58F6F3B11}.Release|Any CPU.ActiveCfg = Release|Any CPU
		{4472075F-31EB-46C2-BD42-FCF58F6F3B11}.Release|Any CPU.Build.0 = Release|Any CPU
		{8E753121-AC74-4EAC-B8C1-4BAA4832444C}.Debug|Any CPU.ActiveCfg = Debug|Any CPU
		{8E753121-AC74-4EAC-B8C1-4BAA4832444C}.Debug|Any CPU.Build.0 = Debug|Any CPU
		{8E753121-AC74-4EAC-B8C1-4BAA4832444C}.Release|Any CPU.ActiveCfg = Release|Any CPU
		{8E753121-AC74-4EAC-B8C1-4BAA4832444C}.Release|Any CPU.Build.0 = Release|Any CPU
	EndGlobalSection
	GlobalSection(SolutionProperties) = preSolution
		HideSolutionNode = FALSE
	EndGlobalSection
	GlobalSection(ExtensibilityGlobals) = postSolution
		SolutionGuid = {5E256A7D-E83A-4DFD-ACD8-A5954D793CA3}
	EndGlobalSection
EndGlobal
